github.com/Pungyeon/go-rabbitmq-example v0.0.0-20180410133832-115c37c49590 h1:8A39vzpG6nyUWQqwwFeoIG2acuGZg4vWbZ84n8MqwjE=
github.com/Pungyeon/go-rabbitmq-example v0.0.0-20180410133832-115c37c49590/go.mod h1:qPJ296NXaWdq9pfj7GuK86CSuUcGKPvXmjlquVM7ps4=
github.com/gorilla/mux v1.6.2 h1:Pgr17XVTNXAk3q/r4CpKzC5xBM/qW1uVLV+IhRZpIIk=
github.com/gorilla/mux v1.6.2/go.mod h1:1lud6UwP+6orDFRuTfBEV8e9/aOM/c4fVVCaMa2zaAs=
github.com/gorilla/websocket v1.4.0 h1:WDFjx/TMzVgy9VdMMQi2K2Emtwi2QcUQsztZ/zLaH/Q=
github.com/gorilla/websocket v1.4.0/go.mod h1:E7qHFY5m1UJ88s3WnNqhKjPHQ0heANvMoAMk2YaljkQ=
github.com/joho/godotenv v1.3.0 h1:Zjp+RcGpHhGlrMbJzXTrZZPrWj+1vfm90La1wgB6Bhc=
github.com/joho/godotenv v1.3.0/go.mod h1:7hK45KPybAkOC6peb+G5yklZfMxEjkZhHbwpqxOKXbg=
github.com/streadway/amqp v0.0.0-20181205114330-a314942b2fd9 h1:37QTz/gdHBLQcsmgMTnQDSWCtKzJ7YnfI2M2yTdr4BQ=
github.com/streadway/amqp v0.0.0-20181205114330-a314942b2fd9/go.mod h1:1WNBiOZtZQLpVAyu0iTduoJL9hEsMloAK5XWrtW0xdY=
gitlab.mi.hdm-stuttgart.de/mwa/ws18-karaoke/backend/common/rabbitmq v0.0.0-20181210133111-2c7575d917a8 h1:kaCny1RHhERY1hw2luJI3Q0nKztLFRtsf7Vwd6j2dec=
gitlab.mi.hdm-stuttgart.de/mwa/ws18-karaoke/backend/common/rabbitmq v0.0.0-20181210133111-2c7575d917a8/go.mod h1:hasEUQZ8gUBUHCmfxa1sCrs+zQNF9GEO3JILFzsfTYk=
gitlab.mi.hdm-stuttgart.de/mwa/ws18-karaoke/backend/common/rabbitmq v0.0.0-20181214211050-1bf491066fe8 h1:NAWL1tBnW3MY9NIkyYoFsdxh9G0o/EQTahvUrid09HA=
gitlab.mi.hdm-stuttgart.de/mwa/ws18-karaoke/backend/common/rabbitmq v0.0.0-20181214211050-1bf491066fe8/go.mod h1:hasEUQZ8gUBUHCmfxa1sCrs+zQNF9GEO3JILFzsfTYk=
gitlab.mi.hdm-stuttgart.de/mwa/ws18-karaoke/backend/common/rabbitmq v0.0.0-20181214211850-4df5c68ef456 h1:A+wlXMJc4L+q/EwVoVnLrCVNK5ZD3dynHVrJx9KBBn4=
gitlab.mi.hdm-stuttgart.de/mwa/ws18-karaoke/backend/common/rabbitmq v0.0.0-20181214211850-4df5c68ef456/go.mod h1:hasEUQZ8gUBUHCmfxa1sCrs+zQNF9GEO3JILFzsfTYk=
gitlab.mi.hdm-stuttgart.de/mwa/ws18-karaoke/backend/common/rabbitmq v0.0.0-20181215093201-764c4e42074e h1:DJUf+erLoBH7JI0PNDy/crZgQV6/w9FibfvEuK0dz5U=
gitlab.mi.hdm-stuttgart.de/mwa/ws18-karaoke/backend/common/rabbitmq v0.0.0-20181215093201-764c4e42074e/go.mod h1:hasEUQZ8gUBUHCmfxa1sCrs+zQNF9GEO3JILFzsfTYk=
gitlab.mi.hdm-stuttgart.de/mwa/ws18-karaoke/backend/common/rabbitmq v0.0.0-20181215093545-a51c88627380 h1:fV58qm6CUNdEANkWdMOlPHET1wvT7zh10az1gwZg0QM=
gitlab.mi.hdm-stuttgart.de/mwa/ws18-karaoke/backend/common/rabbitmq v0.0.0-20181215093545-a51c88627380/go.mod h1:hasEUQZ8gUBUHCmfxa1sCrs+zQNF9GEO3JILFzsfTYk=
gitlab.mi.hdm-stuttgart.de/mwa/ws18-karaoke/backend/common/rabbitmq v0.0.0-20181215105136-077486ad5c3d h1:ePcLwyVqRgHAMpttekbmWs0rUstHcrcVkyz2z9BSU4U=
gitlab.mi.hdm-stuttgart.de/mwa/ws18-karaoke/backend/common/rabbitmq v0.0.0-20181215105136-077486ad5c3d/go.mod h1:hasEUQZ8gUBUHCmfxa1sCrs+zQNF9GEO3JILFzsfTYk=
